
Microsoft Visual Studio Solution File, Format Version 12.00
# Visual Studio Version 16
VisualStudioVersion = 16.0.30104.148
MinimumVisualStudioVersion = 10.0.40219.1
Project("{FAE04EC0-301F-11D3-BF4B-00C04F79EFBC}") = "Yarr for Reddit", "Yarr for Reddit\Yarr for Reddit.csproj", "{FAAB0569-75EF-49AE-9CA2-0308BF0B7F09}"
EndProject
Project("{FAE04EC0-301F-11D3-BF4B-00C04F79EFBC}") = "Yarn", "Yarn\Yarn.csproj", "{ADD9F679-8576-4840-9FFD-17A15FF675EE}"
EndProject
Global
	GlobalSection(SolutionConfigurationPlatforms) = preSolution
		Debug|Any CPU = Debug|Any CPU
		Release|Any CPU = Release|Any CPU
	EndGlobalSection
	GlobalSection(ProjectConfigurationPlatforms) = postSolution
		{FAAB0569-75EF-49AE-9CA2-0308BF0B7F09}.Debug|Any CPU.ActiveCfg = Debug|Any CPU
		{FAAB0569-75EF-49AE-9CA2-0308BF0B7F09}.Debug|Any CPU.Build.0 = Debug|Any CPU
		{FAAB0569-75EF-49AE-9CA2-0308BF0B7F09}.Release|Any CPU.ActiveCfg = Release|Any CPU
		{FAAB0569-75EF-49AE-9CA2-0308BF0B7F09}.Release|Any CPU.Build.0 = Release|Any CPU
		{ADD9F679-8576-4840-9FFD-17A15FF675EE}.Debug|Any CPU.ActiveCfg = Debug|Any CPU
		{ADD9F679-8576-4840-9FFD-17A15FF675EE}.Debug|Any CPU.Build.0 = Debug|Any CPU
		{ADD9F679-8576-4840-9FFD-17A15FF675EE}.Release|Any CPU.ActiveCfg = Release|Any CPU
		{ADD9F679-8576-4840-9FFD-17A15FF675EE}.Release|Any CPU.Build.0 = Release|Any CPU
	EndGlobalSection
	GlobalSection(SolutionProperties) = preSolution
		HideSolutionNode = FALSE
	EndGlobalSection
	GlobalSection(ExtensibilityGlobals) = postSolution
		SolutionGuid = {1C6D4CC9-CF1B-459A-AA0A-73F819D31733}
	EndGlobalSection
EndGlobal
